
Microsoft Visual Studio Solution File, Format Version 12.00
# Visual Studio Version 16
VisualStudioVersion = 16.0.30128.74
MinimumVisualStudioVersion = 10.0.40219.1
Project("{FAE04EC0-301F-11D3-BF4B-00C04F79EFBC}") = "GhostMove", "GhostMove.csproj", "{96646A3B-CED3-4BDA-A21B-C61AE3742FBB}"
EndProject
Global
	GlobalSection(SolutionConfigurationPlatforms) = preSolution
		Debug|Any CPU = Debug|Any CPU
		Release|Any CPU = Release|Any CPU
	EndGlobalSection
	GlobalSection(ProjectConfigurationPlatforms) = postSolution
		{96646A3B-CED3-4BDA-A21B-C61AE3742FBB}.Debug|Any CPU.ActiveCfg = Debug|Any CPU
		{96646A3B-CED3-4BDA-A21B-C61AE3742FBB}.Debug|Any CPU.Build.0 = Debug|Any CPU
		{96646A3B-CED3-4BDA-A21B-C61AE3742FBB}.Release|Any CPU.ActiveCfg = Release|Any CPU
		{96646A3B-CED3-4BDA-A21B-C61AE3742FBB}.Release|Any CPU.Build.0 = Release|Any CPU
	EndGlobalSection
	GlobalSection(SolutionProperties) = preSolution
		HideSolutionNode = FALSE
	EndGlobalSection
	GlobalSection(ExtensibilityGlobals) = postSolution
		SolutionGuid = {449FEF1A-90F0-4596-9D4B-F06880706502}
	EndGlobalSection
EndGlobal
