
Microsoft Visual Studio Solution File, Format Version 12.00
# Visual Studio Version 16
VisualStudioVersion = 16.0.30128.74
MinimumVisualStudioVersion = 10.0.40219.1
Project("{FAE04EC0-301F-11D3-BF4B-00C04F79EFBC}") = "Pacdot", "Pacdot.csproj", "{7D3952F2-8106-4141-B640-8C5A3F77D687}"
EndProject
Global
	GlobalSection(SolutionConfigurationPlatforms) = preSolution
		Debug|Any CPU = Debug|Any CPU
		Release|Any CPU = Release|Any CPU
	EndGlobalSection
	GlobalSection(ProjectConfigurationPlatforms) = postSolution
		{7D3952F2-8106-4141-B640-8C5A3F77D687}.Debug|Any CPU.ActiveCfg = Debug|Any CPU
		{7D3952F2-8106-4141-B640-8C5A3F77D687}.Debug|Any CPU.Build.0 = Debug|Any CPU
		{7D3952F2-8106-4141-B640-8C5A3F77D687}.Release|Any CPU.ActiveCfg = Release|Any CPU
		{7D3952F2-8106-4141-B640-8C5A3F77D687}.Release|Any CPU.Build.0 = Release|Any CPU
	EndGlobalSection
	GlobalSection(SolutionProperties) = preSolution
		HideSolutionNode = FALSE
	EndGlobalSection
	GlobalSection(ExtensibilityGlobals) = postSolution
		SolutionGuid = {3D664AA3-808E-40A1-88DB-414BCBABF70F}
	EndGlobalSection
EndGlobal
